{"1.2.0",
[{<<"argparse">>,{pkg,<<"argparse">>,<<"1.2.4">>},0},
 {<<"certifi">>,{pkg,<<"certifi">>,<<"2.12.0">>},0},
 {<<"color">>,{pkg,<<"erlang_color">>,<<"1.0.0">>},0},
 {<<"jsx">>,{pkg,<<"jsx">>,<<"3.1.0">>},0},
 {<<"mapz">>,{pkg,<<"mapz">>,<<"2.2.0">>},0}]}.
[
{pkg_hash,[
 {<<"argparse">>, <<"A31E7C5D9F8814AFCD9B42C1B98C21DA6F851F93F2C8C00C107F6201668A0A7D">>},
 {<<"certifi">>, <<"2D1CCA2EC95F59643862AF91F001478C9863C2AC9CB6E2F89780BFD8DE987329">>},
 {<<"color">>, <<"145FE1D2E65C4516E4F03FEFCA6C2F47EBAD5899D978D70382A5CFE643E4AC9E">>},
 {<<"jsx">>, <<"D12516BAA0BB23A59BB35DCCAF02A1BD08243FCBB9EFE24F2D9D056CCFF71268">>},
 {<<"mapz">>, <<"81EE5AD249BBC9427DAA6C3EE5166F88A448C5B0B2F5BBEE0495266308AFF2BA">>}]},
{pkg_hash_ext,[
 {<<"argparse">>, <<"AC6FDB7183EA20ADEB7EB66E34B21F2E8C4C6925913EE0C0765D339D97009FFE">>},
 {<<"certifi">>, <<"EE68D85DF22E554040CDB4BE100F33873AC6051387BAF6A8F6CE82272340FF1C">>},
 {<<"color">>, <<"6B17E5E589C8FEF540574C9EA32B67CEC2C8A44283AAFE474D6E5818FB3EE038">>},
 {<<"jsx">>, <<"0C5CC8FDC11B53CC25CF65AC6705AD39E54ECC56D1C22E4ADB8F5A53FB9427F3">>},
 {<<"mapz">>, <<"861A878A86AB7E5897A9B57B3CA0B188FB53CE2935B153872C61F6641E709AA8">>}]}
].
